
Microsoft Visual Studio Solution File, Format Version 12.00
# Visual Studio Version 16
VisualStudioVersion = 16.0.32428.217
MinimumVisualStudioVersion = 10.0.40219.1
Project("{FAE04EC0-301F-11D3-BF4B-00C04F79EFBC}") = "WpfNaverMovieFinder", "WpfNaverMovieFinder\WpfNaverMovieFinder.csproj", "{6E0BDAF6-CF13-44BD-8F63-D0AEE24C73CA}"
EndProject
Global
	GlobalSection(SolutionConfigurationPlatforms) = preSolution
		Debug|Any CPU = Debug|Any CPU
		Release|Any CPU = Release|Any CPU
	EndGlobalSection
	GlobalSection(ProjectConfigurationPlatforms) = postSolution
		{6E0BDAF6-CF13-44BD-8F63-D0AEE24C73CA}.Debug|Any CPU.ActiveCfg = Debug|Any CPU
		{6E0BDAF6-CF13-44BD-8F63-D0AEE24C73CA}.Debug|Any CPU.Build.0 = Debug|Any CPU
		{6E0BDAF6-CF13-44BD-8F63-D0AEE24C73CA}.Release|Any CPU.ActiveCfg = Release|Any CPU
		{6E0BDAF6-CF13-44BD-8F63-D0AEE24C73CA}.Release|Any CPU.Build.0 = Release|Any CPU
	EndGlobalSection
	GlobalSection(SolutionProperties) = preSolution
		HideSolutionNode = FALSE
	EndGlobalSection
	GlobalSection(ExtensibilityGlobals) = postSolution
		SolutionGuid = {75455121-21B5-4CBE-9B74-65B65BAC406B}
	EndGlobalSection
EndGlobal
